
Microsoft Visual Studio Solution File, Format Version 12.00
# Visual Studio Version 17
VisualStudioVersion = 17.9.34607.119
MinimumVisualStudioVersion = 10.0.40219.1
Project("{FAE04EC0-301F-11D3-BF4B-00C04F79EFBC}") = "Afkgame", "Afkgame.csproj", "{2F173042-6BAC-45F3-AA81-EA3B54285D01}"
EndProject
Global
	GlobalSection(SolutionConfigurationPlatforms) = preSolution
		Debug|Any CPU = Debug|Any CPU
		Release|Any CPU = Release|Any CPU
	EndGlobalSection
	GlobalSection(ProjectConfigurationPlatforms) = postSolution
		{2F173042-6BAC-45F3-AA81-EA3B54285D01}.Debug|Any CPU.ActiveCfg = Debug|Any CPU
		{2F173042-6BAC-45F3-AA81-EA3B54285D01}.Debug|Any CPU.Build.0 = Debug|Any CPU
		{2F173042-6BAC-45F3-AA81-EA3B54285D01}.Release|Any CPU.ActiveCfg = Release|Any CPU
		{2F173042-6BAC-45F3-AA81-EA3B54285D01}.Release|Any CPU.Build.0 = Release|Any CPU
	EndGlobalSection
	GlobalSection(SolutionProperties) = preSolution
		HideSolutionNode = FALSE
	EndGlobalSection
	GlobalSection(ExtensibilityGlobals) = postSolution
		SolutionGuid = {18C42CE4-7E3C-4D6A-842A-1A010201B2A2}
	EndGlobalSection
EndGlobal
